
Microsoft Visual Studio Solution File, Format Version 12.00
# Visual Studio 14
VisualStudioVersion = 14.0.25420.1
MinimumVisualStudioVersion = 10.0.40219.1
Project("{FAE04EC0-301F-11D3-BF4B-00C04F79EFBC}") = "1351300203", "1351300203\1351300203.csproj", "{0A700ECD-736E-49F4-9C2F-35313CD734B5}"
EndProject
Project("{FAE04EC0-301F-11D3-BF4B-00C04F79EFBC}") = "1351300203.Tests", "1351300203.Tests\1351300203.Tests.csproj", "{BC026ED0-22D3-4DF9-80D2-3A46FA776F91}"
EndProject
Global
	GlobalSection(SolutionConfigurationPlatforms) = preSolution
		Debug|Any CPU = Debug|Any CPU
		Release|Any CPU = Release|Any CPU
	EndGlobalSection
	GlobalSection(ProjectConfigurationPlatforms) = postSolution
		{0A700ECD-736E-49F4-9C2F-35313CD734B5}.Debug|Any CPU.ActiveCfg = Debug|Any CPU
		{0A700ECD-736E-49F4-9C2F-35313CD734B5}.Debug|Any CPU.Build.0 = Debug|Any CPU
		{0A700ECD-736E-49F4-9C2F-35313CD734B5}.Release|Any CPU.ActiveCfg = Release|Any CPU
		{0A700ECD-736E-49F4-9C2F-35313CD734B5}.Release|Any CPU.Build.0 = Release|Any CPU
		{BC026ED0-22D3-4DF9-80D2-3A46FA776F91}.Debug|Any CPU.ActiveCfg = Debug|Any CPU
		{BC026ED0-22D3-4DF9-80D2-3A46FA776F91}.Debug|Any CPU.Build.0 = Debug|Any CPU
		{BC026ED0-22D3-4DF9-80D2-3A46FA776F91}.Release|Any CPU.ActiveCfg = Release|Any CPU
		{BC026ED0-22D3-4DF9-80D2-3A46FA776F91}.Release|Any CPU.Build.0 = Release|Any CPU
	EndGlobalSection
	GlobalSection(SolutionProperties) = preSolution
		HideSolutionNode = FALSE
	EndGlobalSection
EndGlobal
